
Microsoft Visual Studio Solution File, Format Version 12.00
# Visual Studio 15
VisualStudioVersion = 15.0.26206.0
MinimumVisualStudioVersion = 10.0.40219.1
Project("{FAE04EC0-301F-11D3-BF4B-00C04F79EFBC}") = "HotDogs.Mobile", "HotDogs.Mobile\HotDogs.Mobile\HotDogs.Mobile.csproj", "{9081866D-AECF-40B8-981F-323C8BC44E79}"
EndProject
Project("{FAE04EC0-301F-11D3-BF4B-00C04F79EFBC}") = "HotDogs.Mobile.Droid", "HotDogs.Mobile\HotDogs.Mobile.Droid\HotDogs.Mobile.Droid.csproj", "{B82D97A8-0D19-49F0-904E-9C6C65E25D83}"
EndProject
Project("{FAE04EC0-301F-11D3-BF4B-00C04F79EFBC}") = "HotDogs.Mobile.UWP", "HotDogs.Mobile\HotDogs.Mobile.UWP\HotDogs.Mobile.UWP.csproj", "{767EA341-22AD-4B48-833D-E99D6D530D09}"
EndProject
Global
	GlobalSection(SolutionConfigurationPlatforms) = preSolution
		All Debug|Any CPU = All Debug|Any CPU
		All Debug|ARM = All Debug|ARM
		All Debug|x64 = All Debug|x64
		All Debug|x86 = All Debug|x86
		All Release|Any CPU = All Release|Any CPU
		All Release|ARM = All Release|ARM
		All Release|x64 = All Release|x64
		All Release|x86 = All Release|x86
		Android Release|Any CPU = Android Release|Any CPU
		Android Release|ARM = Android Release|ARM
		Android Release|x64 = Android Release|x64
		Android Release|x86 = Android Release|x86
		UWP Release|Any CPU = UWP Release|Any CPU
		UWP Release|ARM = UWP Release|ARM
		UWP Release|x64 = UWP Release|x64
		UWP Release|x86 = UWP Release|x86
	EndGlobalSection
	GlobalSection(ProjectConfigurationPlatforms) = postSolution
		{9081866D-AECF-40B8-981F-323C8BC44E79}.All Debug|Any CPU.ActiveCfg = Debug|Any CPU
		{9081866D-AECF-40B8-981F-323C8BC44E79}.All Debug|Any CPU.Build.0 = Debug|Any CPU
		{9081866D-AECF-40B8-981F-323C8BC44E79}.All Debug|ARM.ActiveCfg = Debug|Any CPU
		{9081866D-AECF-40B8-981F-323C8BC44E79}.All Debug|ARM.Build.0 = Debug|Any CPU
		{9081866D-AECF-40B8-981F-323C8BC44E79}.All Debug|x64.ActiveCfg = Debug|Any CPU
		{9081866D-AECF-40B8-981F-323C8BC44E79}.All Debug|x64.Build.0 = Debug|Any CPU
		{9081866D-AECF-40B8-981F-323C8BC44E79}.All Debug|x86.ActiveCfg = Debug|Any CPU
		{9081866D-AECF-40B8-981F-323C8BC44E79}.All Debug|x86.Build.0 = Debug|Any CPU
		{9081866D-AECF-40B8-981F-323C8BC44E79}.All Release|Any CPU.ActiveCfg = Release|Any CPU
		{9081866D-AECF-40B8-981F-323C8BC44E79}.All Release|Any CPU.Build.0 = Release|Any CPU
		{9081866D-AECF-40B8-981F-323C8BC44E79}.All Release|ARM.ActiveCfg = Release|Any CPU
		{9081866D-AECF-40B8-981F-323C8BC44E79}.All Release|ARM.Build.0 = Release|Any CPU
		{9081866D-AECF-40B8-981F-323C8BC44E79}.All Release|x64.ActiveCfg = Release|Any CPU
		{9081866D-AECF-40B8-981F-323C8BC44E79}.All Release|x64.Build.0 = Release|Any CPU
		{9081866D-AECF-40B8-981F-323C8BC44E79}.All Release|x86.ActiveCfg = Release|Any CPU
		{9081866D-AECF-40B8-981F-323C8BC44E79}.All Release|x86.Build.0 = Release|Any CPU
		{9081866D-AECF-40B8-981F-323C8BC44E79}.Android Release|Any CPU.ActiveCfg = Release|Any CPU
		{9081866D-AECF-40B8-981F-323C8BC44E79}.Android Release|Any CPU.Build.0 = Release|Any CPU
		{9081866D-AECF-40B8-981F-323C8BC44E79}.Android Release|ARM.ActiveCfg = Release|Any CPU
		{9081866D-AECF-40B8-981F-323C8BC44E79}.Android Release|ARM.Build.0 = Release|Any CPU
		{9081866D-AECF-40B8-981F-323C8BC44E79}.Android Release|x64.ActiveCfg = Release|Any CPU
		{9081866D-AECF-40B8-981F-323C8BC44E79}.Android Release|x64.Build.0 = Release|Any CPU
		{9081866D-AECF-40B8-981F-323C8BC44E79}.Android Release|x86.ActiveCfg = Release|Any CPU
		{9081866D-AECF-40B8-981F-323C8BC44E79}.Android Release|x86.Build.0 = Release|Any CPU
		{9081866D-AECF-40B8-981F-323C8BC44E79}.UWP Release|Any CPU.ActiveCfg = Release|Any CPU
		{9081866D-AECF-40B8-981F-323C8BC44E79}.UWP Release|Any CPU.Build.0 = Release|Any CPU
		{9081866D-AECF-40B8-981F-323C8BC44E79}.UWP Release|ARM.ActiveCfg = Release|Any CPU
		{9081866D-AECF-40B8-981F-323C8BC44E79}.UWP Release|ARM.Build.0 = Release|Any CPU
		{9081866D-AECF-40B8-981F-323C8BC44E79}.UWP Release|x64.ActiveCfg = Release|Any CPU
		{9081866D-AECF-40B8-981F-323C8BC44E79}.UWP Release|x64.Build.0 = Release|Any CPU
		{9081866D-AECF-40B8-981F-323C8BC44E79}.UWP Release|x86.ActiveCfg = Release|Any CPU
		{9081866D-AECF-40B8-981F-323C8BC44E79}.UWP Release|x86.Build.0 = Release|Any CPU
		{B82D97A8-0D19-49F0-904E-9C6C65E25D83}.All Debug|Any CPU.ActiveCfg = Debug|Any CPU
		{B82D97A8-0D19-49F0-904E-9C6C65E25D83}.All Debug|Any CPU.Build.0 = Debug|Any CPU
		{B82D97A8-0D19-49F0-904E-9C6C65E25D83}.All Debug|Any CPU.Deploy.0 = Debug|Any CPU
		{B82D97A8-0D19-49F0-904E-9C6C65E25D83}.All Debug|ARM.ActiveCfg = Debug|Any CPU
		{B82D97A8-0D19-49F0-904E-9C6C65E25D83}.All Debug|ARM.Build.0 = Debug|Any CPU
		{B82D97A8-0D19-49F0-904E-9C6C65E25D83}.All Debug|ARM.Deploy.0 = Debug|Any CPU
		{B82D97A8-0D19-49F0-904E-9C6C65E25D83}.All Debug|x64.ActiveCfg = Debug|Any CPU
		{B82D97A8-0D19-49F0-904E-9C6C65E25D83}.All Debug|x64.Build.0 = Debug|Any CPU
		{B82D97A8-0D19-49F0-904E-9C6C65E25D83}.All Debug|x64.Deploy.0 = Debug|Any CPU
		{B82D97A8-0D19-49F0-904E-9C6C65E25D83}.All Debug|x86.ActiveCfg = Debug|Any CPU
		{B82D97A8-0D19-49F0-904E-9C6C65E25D83}.All Debug|x86.Build.0 = Debug|Any CPU
		{B82D97A8-0D19-49F0-904E-9C6C65E25D83}.All Debug|x86.Deploy.0 = Debug|Any CPU
		{B82D97A8-0D19-49F0-904E-9C6C65E25D83}.All Release|Any CPU.ActiveCfg = Release|Any CPU
		{B82D97A8-0D19-49F0-904E-9C6C65E25D83}.All Release|Any CPU.Build.0 = Release|Any CPU
		{B82D97A8-0D19-49F0-904E-9C6C65E25D83}.All Release|Any CPU.Deploy.0 = Release|Any CPU
		{B82D97A8-0D19-49F0-904E-9C6C65E25D83}.All Release|ARM.ActiveCfg = Release|Any CPU
		{B82D97A8-0D19-49F0-904E-9C6C65E25D83}.All Release|ARM.Build.0 = Release|Any CPU
		{B82D97A8-0D19-49F0-904E-9C6C65E25D83}.All Release|ARM.Deploy.0 = Release|Any CPU
		{B82D97A8-0D19-49F0-904E-9C6C65E25D83}.All Release|x64.ActiveCfg = Release|Any CPU
		{B82D97A8-0D19-49F0-904E-9C6C65E25D83}.All Release|x64.Build.0 = Release|Any CPU
		{B82D97A8-0D19-49F0-904E-9C6C65E25D83}.All Release|x64.Deploy.0 = Release|Any CPU
		{B82D97A8-0D19-49F0-904E-9C6C65E25D83}.All Release|x86.ActiveCfg = Release|Any CPU
		{B82D97A8-0D19-49F0-904E-9C6C65E25D83}.All Release|x86.Build.0 = Release|Any CPU
		{B82D97A8-0D19-49F0-904E-9C6C65E25D83}.All Release|x86.Deploy.0 = Release|Any CPU
		{B82D97A8-0D19-49F0-904E-9C6C65E25D83}.Android Release|Any CPU.ActiveCfg = Release|Any CPU
		{B82D97A8-0D19-49F0-904E-9C6C65E25D83}.Android Release|Any CPU.Build.0 = Release|Any CPU
		{B82D97A8-0D19-49F0-904E-9C6C65E25D83}.Android Release|Any CPU.Deploy.0 = Release|Any CPU
		{B82D97A8-0D19-49F0-904E-9C6C65E25D83}.Android Release|ARM.ActiveCfg = Release|Any CPU
		{B82D97A8-0D19-49F0-904E-9C6C65E25D83}.Android Release|ARM.Build.0 = Release|Any CPU
		{B82D97A8-0D19-49F0-904E-9C6C65E25D83}.Android Release|ARM.Deploy.0 = Release|Any CPU
		{B82D97A8-0D19-49F0-904E-9C6C65E25D83}.Android Release|x64.ActiveCfg = Release|Any CPU
		{B82D97A8-0D19-49F0-904E-9C6C65E25D83}.Android Release|x64.Build.0 = Release|Any CPU
		{B82D97A8-0D19-49F0-904E-9C6C65E25D83}.Android Release|x64.Deploy.0 = Release|Any CPU
		{B82D97A8-0D19-49F0-904E-9C6C65E25D83}.Android Release|x86.ActiveCfg = Release|Any CPU
		{B82D97A8-0D19-49F0-904E-9C6C65E25D83}.Android Release|x86.Build.0 = Release|Any CPU
		{B82D97A8-0D19-49F0-904E-9C6C65E25D83}.Android Release|x86.Deploy.0 = Release|Any CPU
		{B82D97A8-0D19-49F0-904E-9C6C65E25D83}.UWP Release|Any CPU.ActiveCfg = Release|Any CPU
		{B82D97A8-0D19-49F0-904E-9C6C65E25D83}.UWP Release|ARM.ActiveCfg = Release|Any CPU
		{B82D97A8-0D19-49F0-904E-9C6C65E25D83}.UWP Release|ARM.Build.0 = Release|Any CPU
		{B82D97A8-0D19-49F0-904E-9C6C65E25D83}.UWP Release|ARM.Deploy.0 = Release|Any CPU
		{B82D97A8-0D19-49F0-904E-9C6C65E25D83}.UWP Release|x64.ActiveCfg = Release|Any CPU
		{B82D97A8-0D19-49F0-904E-9C6C65E25D83}.UWP Release|x64.Build.0 = Release|Any CPU
		{B82D97A8-0D19-49F0-904E-9C6C65E25D83}.UWP Release|x64.Deploy.0 = Release|Any CPU
		{B82D97A8-0D19-49F0-904E-9C6C65E25D83}.UWP Release|x86.ActiveCfg = Release|Any CPU
		{B82D97A8-0D19-49F0-904E-9C6C65E25D83}.UWP Release|x86.Build.0 = Release|Any CPU
		{B82D97A8-0D19-49F0-904E-9C6C65E25D83}.UWP Release|x86.Deploy.0 = Release|Any CPU
		{767EA341-22AD-4B48-833D-E99D6D530D09}.All Debug|Any CPU.ActiveCfg = Debug|x86
		{767EA341-22AD-4B48-833D-E99D6D530D09}.All Debug|Any CPU.Build.0 = Debug|x86
		{767EA341-22AD-4B48-833D-E99D6D530D09}.All Debug|Any CPU.Deploy.0 = Debug|x86
		{767EA341-22AD-4B48-833D-E99D6D530D09}.All Debug|ARM.ActiveCfg = Debug|ARM
		{767EA341-22AD-4B48-833D-E99D6D530D09}.All Debug|ARM.Build.0 = Debug|ARM
		{767EA341-22AD-4B48-833D-E99D6D530D09}.All Debug|ARM.Deploy.0 = Debug|ARM
		{767EA341-22AD-4B48-833D-E99D6D530D09}.All Debug|x64.ActiveCfg = Debug|x64
		{767EA341-22AD-4B48-833D-E99D6D530D09}.All Debug|x64.Build.0 = Debug|x64
		{767EA341-22AD-4B48-833D-E99D6D530D09}.All Debug|x64.Deploy.0 = Debug|x64
		{767EA341-22AD-4B48-833D-E99D6D530D09}.All Debug|x86.ActiveCfg = Debug|x86
		{767EA341-22AD-4B48-833D-E99D6D530D09}.All Debug|x86.Build.0 = Debug|x86
		{767EA341-22AD-4B48-833D-E99D6D530D09}.All Debug|x86.Deploy.0 = Debug|x86
		{767EA341-22AD-4B48-833D-E99D6D530D09}.All Release|Any CPU.ActiveCfg = Release|x86
		{767EA341-22AD-4B48-833D-E99D6D530D09}.All Release|Any CPU.Build.0 = Release|x86
		{767EA341-22AD-4B48-833D-E99D6D530D09}.All Release|Any CPU.Deploy.0 = Release|x86
		{767EA341-22AD-4B48-833D-E99D6D530D09}.All Release|ARM.ActiveCfg = Release|ARM
		{767EA341-22AD-4B48-833D-E99D6D530D09}.All Release|ARM.Build.0 = Release|ARM
		{767EA341-22AD-4B48-833D-E99D6D530D09}.All Release|ARM.Deploy.0 = Release|ARM
		{767EA341-22AD-4B48-833D-E99D6D530D09}.All Release|x64.ActiveCfg = Release|x64
		{767EA341-22AD-4B48-833D-E99D6D530D09}.All Release|x64.Build.0 = Release|x64
		{767EA341-22AD-4B48-833D-E99D6D530D09}.All Release|x64.Deploy.0 = Release|x64
		{767EA341-22AD-4B48-833D-E99D6D530D09}.All Release|x86.ActiveCfg = Release|x86
		{767EA341-22AD-4B48-833D-E99D6D530D09}.All Release|x86.Build.0 = Release|x86
		{767EA341-22AD-4B48-833D-E99D6D530D09}.All Release|x86.Deploy.0 = Release|x86
		{767EA341-22AD-4B48-833D-E99D6D530D09}.Android Release|Any CPU.ActiveCfg = Release|x86
		{767EA341-22AD-4B48-833D-E99D6D530D09}.Android Release|ARM.ActiveCfg = Release|ARM
		{767EA341-22AD-4B48-833D-E99D6D530D09}.Android Release|ARM.Build.0 = Release|ARM
		{767EA341-22AD-4B48-833D-E99D6D530D09}.Android Release|ARM.Deploy.0 = Release|ARM
		{767EA341-22AD-4B48-833D-E99D6D530D09}.Android Release|x64.ActiveCfg = Release|x64
		{767EA341-22AD-4B48-833D-E99D6D530D09}.Android Release|x64.Build.0 = Release|x64
		{767EA341-22AD-4B48-833D-E99D6D530D09}.Android Release|x64.Deploy.0 = Release|x64
		{767EA341-22AD-4B48-833D-E99D6D530D09}.Android Release|x86.ActiveCfg = Release|x86
		{767EA341-22AD-4B48-833D-E99D6D530D09}.Android Release|x86.Build.0 = Release|x86
		{767EA341-22AD-4B48-833D-E99D6D530D09}.Android Release|x86.Deploy.0 = Release|x86
		{767EA341-22AD-4B48-833D-E99D6D530D09}.UWP Release|Any CPU.ActiveCfg = Release|x86
		{767EA341-22AD-4B48-833D-E99D6D530D09}.UWP Release|Any CPU.Build.0 = Release|x86
		{767EA341-22AD-4B48-833D-E99D6D530D09}.UWP Release|Any CPU.Deploy.0 = Release|x86
		{767EA341-22AD-4B48-833D-E99D6D530D09}.UWP Release|ARM.ActiveCfg = Release|ARM
		{767EA341-22AD-4B48-833D-E99D6D530D09}.UWP Release|ARM.Build.0 = Release|ARM
		{767EA341-22AD-4B48-833D-E99D6D530D09}.UWP Release|ARM.Deploy.0 = Release|ARM
		{767EA341-22AD-4B48-833D-E99D6D530D09}.UWP Release|x64.ActiveCfg = Release|x64
		{767EA341-22AD-4B48-833D-E99D6D530D09}.UWP Release|x64.Build.0 = Release|x64
		{767EA341-22AD-4B48-833D-E99D6D530D09}.UWP Release|x64.Deploy.0 = Release|x64
		{767EA341-22AD-4B48-833D-E99D6D530D09}.UWP Release|x86.ActiveCfg = Release|x86
		{767EA341-22AD-4B48-833D-E99D6D530D09}.UWP Release|x86.Build.0 = Release|x86
		{767EA341-22AD-4B48-833D-E99D6D530D09}.UWP Release|x86.Deploy.0 = Release|x86
	EndGlobalSection
	GlobalSection(SolutionProperties) = preSolution
		HideSolutionNode = FALSE
	EndGlobalSection
EndGlobal
